
Microsoft Visual Studio Solution File, Format Version 12.00
# Visual Studio Version 17
VisualStudioVersion = 17.7.34031.279
MinimumVisualStudioVersion = 10.0.40219.1
Project("{FAE04EC0-301F-11D3-BF4B-00C04F79EFBC}") = "Kassaapparat app", "Kassaapparat app.csproj", "{FE85AFE6-56BC-4567-AB8C-371C5756E1E2}"
EndProject
Global
	GlobalSection(SolutionConfigurationPlatforms) = preSolution
		Debug|Any CPU = Debug|Any CPU
		Release|Any CPU = Release|Any CPU
	EndGlobalSection
	GlobalSection(ProjectConfigurationPlatforms) = postSolution
		{FE85AFE6-56BC-4567-AB8C-371C5756E1E2}.Debug|Any CPU.ActiveCfg = Debug|Any CPU
		{FE85AFE6-56BC-4567-AB8C-371C5756E1E2}.Debug|Any CPU.Build.0 = Debug|Any CPU
		{FE85AFE6-56BC-4567-AB8C-371C5756E1E2}.Release|Any CPU.ActiveCfg = Release|Any CPU
		{FE85AFE6-56BC-4567-AB8C-371C5756E1E2}.Release|Any CPU.Build.0 = Release|Any CPU
	EndGlobalSection
	GlobalSection(SolutionProperties) = preSolution
		HideSolutionNode = FALSE
	EndGlobalSection
	GlobalSection(ExtensibilityGlobals) = postSolution
		SolutionGuid = {2D45E0AE-3943-45E9-857E-2652C16CDB9D}
	EndGlobalSection
EndGlobal
